// !$*UTF8*$!
{
	archiveVersion = 1;
	classes = {
	};
	objectVersion = 77;
	objects = {

/* Begin PBXBuildFile section */
		3F660C722F46B1DE004E9D2F /* WidgetKit.framework in Frameworks */ = {isa = PBXBuildFile; fileRef = 3F660C712F46B1DE004E9D2F /* WidgetKit.framework */; };
		3F660C742F46B1DE004E9D2F /* SwiftUI.framework in Frameworks */ = {isa = PBXBuildFile; fileRef = 3F660C732F46B1DE004E9D2F /* SwiftUI.framework */; };
		3F660C832F46B1DF004E9D2F /* ThinkTankWidgetsExtension.appex in Embed Foundation Extensions */ = {isa = PBXBuildFile; fileRef = 3F660C6F2F46B1DE004E9D2F /* ThinkTankWidgetsExtension.appex */; settings = {ATTRIBUTES = (RemoveHeadersOnCopy, ); }; };
/* End PBXBuildFile section */

/* Begin PBXContainerItemProxy section */
		3F634FD92F437E34003126D1 /* PBXContainerItemProxy */ = {
			isa = PBXContainerItemProxy;
			containerPortal = 3F634FC12F437E33003126D1 /* Project object */;
			proxyType = 1;
			remoteGlobalIDString = 3F634FC82F437E33003126D1;
			remoteInfo = ThinkTank;
		};
		3F634FE32F437E34003126D1 /* PBXContainerItemProxy */ = {
			isa = PBXContainerItemProxy;
			containerPortal = 3F634FC12F437E33003126D1 /* Project object */;
			proxyType = 1;
			remoteGlobalIDString = 3F634FC82F437E33003126D1;
			remoteInfo = ThinkTank;
		};
		3F660C812F46B1DF004E9D2F /* PBXContainerItemProxy */ = {
			isa = PBXContainerItemProxy;
			containerPortal = 3F634FC12F437E33003126D1 /* Project object */;
			proxyType = 1;
			remoteGlobalIDString = 3F660C6E2F46B1DE004E9D2F;
			remoteInfo = ThinkTankWidgetsExtension;
		};
/* End PBXContainerItemProxy section */

/* Begin PBXCopyFilesBuildPhase section */
		3F660C882F46B1DF004E9D2F /* Embed Foundation Extensions */ = {
			isa = PBXCopyFilesBuildPhase;
			buildActionMask = 2147483647;
			dstPath = "";
			dstSubfolderSpec = 13;
			files = (
				3F660C832F46B1DF004E9D2F /* ThinkTankWidgetsExtension.appex in Embed Foundation Extensions */,
			);
			name = "Embed Foundation Extensions";
			runOnlyForDeploymentPostprocessing = 0;
		};
/* End PBXCopyFilesBuildPhase section */

/* Begin PBXFileReference section */
		3F634FC92F437E33003126D1 /* ThinkTank.app */ = {isa = PBXFileReference; explicitFileType = wrapper.application; includeInIndex = 0; path = ThinkTank.app; sourceTree = BUILT_PRODUCTS_DIR; };
		3F634FD82F437E34003126D1 /* ThinkTankTests.xctest */ = {isa = PBXFileReference; explicitFileType = wrapper.cfbundle; includeInIndex = 0; path = ThinkTankTests.xctest; sourceTree = BUILT_PRODUCTS_DIR; };
		3F634FE22F437E34003126D1 /* ThinkTankUITests.xctest */ = {isa = PBXFileReference; explicitFileType = wrapper.cfbundle; includeInIndex = 0; path = ThinkTankUITests.xctest; sourceTree = BUILT_PRODUCTS_DIR; };
		3F660C6F2F46B1DE004E9D2F /* ThinkTankWidgetsExtension.appex */ = {isa = PBXFileReference; explicitFileType = "wrapper.app-extension"; includeInIndex = 0; path = ThinkTankWidgetsExtension.appex; sourceTree = BUILT_PRODUCTS_DIR; };
		3F660C712F46B1DE004E9D2F /* WidgetKit.framework */ = {isa = PBXFileReference; lastKnownFileType = wrapper.framework; name = WidgetKit.framework; path = System/Library/Frameworks/WidgetKit.framework; sourceTree = SDKROOT; };
		3F660C732F46B1DE004E9D2F /* SwiftUI.framework */ = {isa = PBXFileReference; lastKnownFileType = wrapper.framework; name = SwiftUI.framework; path = System/Library/Frameworks/SwiftUI.framework; sourceTree = SDKROOT; };
		3F660C8D2F46B253004E9D2F /* ThinkTankWidgetsExtension.entitlements */ = {isa = PBXFileReference; lastKnownFileType = text.plist.entitlements; path = ThinkTankWidgetsExtension.entitlements; sourceTree = "<group>"; };
/* End PBXFileReference section */

/* Begin PBXFileSystemSynchronizedBuildFileExceptionSet section */
		3F660C842F46B1DF004E9D2F /* Exceptions for "ThinkTankWidgets" folder in "ThinkTankWidgetsExtension" target */ = {
			isa = PBXFileSystemSynchronizedBuildFileExceptionSet;
			membershipExceptions = (
				Info.plist,
			);
			target = 3F660C6E2F46B1DE004E9D2F /* ThinkTankWidgetsExtension */;
		};
		3F660C8F2F46B319004E9D2F /* Exceptions for "ThinkTank" folder in "ThinkTankWidgetsExtension" target */ = {
			isa = PBXFileSystemSynchronizedBuildFileExceptionSet;
			membershipExceptions = (
				Models/GraphEdge.swift,
				Models/Idea.swift,
				Models/Theme.swift,
			);
			target = 3F660C6E2F46B1DE004E9D2F /* ThinkTankWidgetsExtension */;
		};
/* End PBXFileSystemSynchronizedBuildFileExceptionSet section */

/* Begin PBXFileSystemSynchronizedRootGroup section */
		3F634FCB2F437E33003126D1 /* ThinkTank */ = {
			isa = PBXFileSystemSynchronizedRootGroup;
			exceptions = (
				3F660C8F2F46B319004E9D2F /* Exceptions for "ThinkTank" folder in "ThinkTankWidgetsExtension" target */,
			);
			path = ThinkTank;
			sourceTree = "<group>";
		};
		3F634FDB2F437E34003126D1 /* ThinkTankTests */ = {
			isa = PBXFileSystemSynchronizedRootGroup;
			path = ThinkTankTests;
			sourceTree = "<group>";
		};
		3F634FE52F437E34003126D1 /* ThinkTankUITests */ = {
			isa = PBXFileSystemSynchronizedRootGroup;
			path = ThinkTankUITests;
			sourceTree = "<group>";
		};
		3F660C752F46B1DE004E9D2F /* ThinkTankWidgets */ = {
			isa = PBXFileSystemSynchronizedRootGroup;
			exceptions = (
				3F660C842F46B1DF004E9D2F /* Exceptions for "ThinkTankWidgets" folder in "ThinkTankWidgetsExtension" target */,
			);
			path = ThinkTankWidgets;
			sourceTree = "<group>";
		};
/* End PBXFileSystemSynchronizedRootGroup section */

/* Begin PBXFrameworksBuildPhase section */
		3F634FC62F437E33003126D1 /* Frameworks */ = {
			isa = PBXFrameworksBuildPhase;
			buildActionMask = 2147483647;
			files = (
			);
			runOnlyForDeploymentPostprocessing = 0;
		};
		3F634FD52F437E34003126D1 /* Frameworks */ = {
			isa = PBXFrameworksBuildPhase;
			buildActionMask = 2147483647;
			files = (
			);
			runOnlyForDeploymentPostprocessing = 0;
		};
		3F634FDF2F437E34003126D1 /* Frameworks */ = {
			isa = PBXFrameworksBuildPhase;
			buildActionMask = 2147483647;
			files = (
			);
			runOnlyForDeploymentPostprocessing = 0;
		};
		3F660C6C2F46B1DE004E9D2F /* Frameworks */ = {
			isa = PBXFrameworksBuildPhase;
			buildActionMask = 2147483647;
			files = (
				3F660C742F46B1DE004E9D2F /* SwiftUI.framework in Frameworks */,
				3F660C722F46B1DE004E9D2F /* WidgetKit.framework in Frameworks */,
			);
			runOnlyForDeploymentPostprocessing = 0;
		};
/* End PBXFrameworksBuildPhase section */

/* Begin PBXGroup section */
		3F634FC02F437E33003126D1 = {
			isa = PBXGroup;
			children = (
				3F660C8D2F46B253004E9D2F /* ThinkTankWidgetsExtension.entitlements */,
				3F634FCB2F437E33003126D1 /* ThinkTank */,
				3F634FDB2F437E34003126D1 /* ThinkTankTests */,
				3F634FE52F437E34003126D1 /* ThinkTankUITests */,
				3F660C752F46B1DE004E9D2F /* ThinkTankWidgets */,
				3F660C702F46B1DE004E9D2F /* Frameworks */,
				3F634FCA2F437E33003126D1 /* Products */,
			);
			sourceTree = "<group>";
		};
		3F634FCA2F437E33003126D1 /* Products */ = {
			isa = PBXGroup;
			children = (
				3F634FC92F437E33003126D1 /* ThinkTank.app */,
				3F634FD82F437E34003126D1 /* ThinkTankTests.xctest */,
				3F634FE22F437E34003126D1 /* ThinkTankUITests.xctest */,
				3F660C6F2F46B1DE004E9D2F /* ThinkTankWidgetsExtension.appex */,
			);
			name = Products;
			sourceTree = "<group>";
		};
		3F660C702F46B1DE004E9D2F /* Frameworks */ = {
			isa = PBXGroup;
			children = (
				3F660C712F46B1DE004E9D2F /* WidgetKit.framework */,
				3F660C732F46B1DE004E9D2F /* SwiftUI.framework */,
			);
			name = Frameworks;
			sourceTree = "<group>";
		};
/* End PBXGroup section */

/* Begin PBXNativeTarget section */
		3F634FC82F437E33003126D1 /* ThinkTank */ = {
			isa = PBXNativeTarget;
			buildConfigurationList = 3F634FEC2F437E34003126D1 /* Build configuration list for PBXNativeTarget "ThinkTank" */;
			buildPhases = (
				3F634FC52F437E33003126D1 /* Sources */,
				3F634FC62F437E33003126D1 /* Frameworks */,
				3F634FC72F437E33003126D1 /* Resources */,
				3F660C882F46B1DF004E9D2F /* Embed Foundation Extensions */,
			);
			buildRules = (
			);
			dependencies = (
				3F660C822F46B1DF004E9D2F /* PBXTargetDependency */,
			);
			fileSystemSynchronizedGroups = (
				3F634FCB2F437E33003126D1 /* ThinkTank */,
			);
			name = ThinkTank;
			packageProductDependencies = (
			);
			productName = ThinkTank;
			productReference = 3F634FC92F437E33003126D1 /* ThinkTank.app */;
			productType = "com.apple.product-type.application";
		};
		3F634FD72F437E34003126D1 /* ThinkTankTests */ = {
			isa = PBXNativeTarget;
			buildConfigurationList = 3F634FEF2F437E34003126D1 /* Build configuration list for PBXNativeTarget "ThinkTankTests" */;
			buildPhases = (
				3F634FD42F437E34003126D1 /* Sources */,
				3F634FD52F437E34003126D1 /* Frameworks */,
				3F634FD62F437E34003126D1 /* Resources */,
			);
			buildRules = (
			);
			dependencies = (
				3F634FDA2F437E34003126D1 /* PBXTargetDependency */,
			);
			fileSystemSynchronizedGroups = (
				3F634FDB2F437E34003126D1 /* ThinkTankTests */,
			);
			name = ThinkTankTests;
			packageProductDependencies = (
			);
			productName = ThinkTankTests;
			productReference = 3F634FD82F437E34003126D1 /* ThinkTankTests.xctest */;
			productType = "com.apple.product-type.bundle.unit-test";
		};
		3F634FE12F437E34003126D1 /* ThinkTankUITests */ = {
			isa = PBXNativeTarget;
			buildConfigurationList = 3F634FF22F437E34003126D1 /* Build configuration list for PBXNativeTarget "ThinkTankUITests" */;
			buildPhases = (
				3F634FDE2F437E34003126D1 /* Sources */,
				3F634FDF2F437E34003126D1 /* Frameworks */,
				3F634FE02F437E34003126D1 /* Resources */,
			);
			buildRules = (
			);
			dependencies = (
				3F634FE42F437E34003126D1 /* PBXTargetDependency */,
			);
			fileSystemSynchronizedGroups = (
				3F634FE52F437E34003126D1 /* ThinkTankUITests */,
			);
			name = ThinkTankUITests;
			packageProductDependencies = (
			);
			productName = ThinkTankUITests;
			productReference = 3F634FE22F437E34003126D1 /* ThinkTankUITests.xctest */;
			productType = "com.apple.product-type.bundle.ui-testing";
		};
		3F660C6E2F46B1DE004E9D2F /* ThinkTankWidgetsExtension */ = {
			isa = PBXNativeTarget;
			buildConfigurationList = 3F660C852F46B1DF004E9D2F /* Build configuration list for PBXNativeTarget "ThinkTankWidgetsExtension" */;
			buildPhases = (
				3F660C6B2F46B1DE004E9D2F /* Sources */,
				3F660C6C2F46B1DE004E9D2F /* Frameworks */,
				3F660C6D2F46B1DE004E9D2F /* Resources */,
			);
			buildRules = (
			);
			dependencies = (
			);
			fileSystemSynchronizedGroups = (
				3F660C752F46B1DE004E9D2F /* ThinkTankWidgets */,
			);
			name = ThinkTankWidgetsExtension;
			packageProductDependencies = (
			);
			productName = ThinkTankWidgetsExtension;
			productReference = 3F660C6F2F46B1DE004E9D2F /* ThinkTankWidgetsExtension.appex */;
			productType = "com.apple.product-type.app-extension";
		};
/* End PBXNativeTarget section */

/* Begin PBXProject section */
		3F634FC12F437E33003126D1 /* Project object */ = {
			isa = PBXProject;
			attributes = {
				BuildIndependentTargetsInParallel = 1;
				LastSwiftUpdateCheck = 2620;
				LastUpgradeCheck = 2620;
				TargetAttributes = {
					3F634FC82F437E33003126D1 = {
						CreatedOnToolsVersion = 26.2;
					};
					3F634FD72F437E34003126D1 = {
						CreatedOnToolsVersion = 26.2;
						TestTargetID = 3F634FC82F437E33003126D1;
					};
					3F634FE12F437E34003126D1 = {
						CreatedOnToolsVersion = 26.2;
						TestTargetID = 3F634FC82F437E33003126D1;
					};
					3F660C6E2F46B1DE004E9D2F = {
						CreatedOnToolsVersion = 26.2;
					};
				};
			};
			buildConfigurationList = 3F634FC42F437E33003126D1 /* Build configuration list for PBXProject "ThinkTank" */;
			developmentRegion = en;
			hasScannedForEncodings = 0;
			knownRegions = (
				en,
				Base,
			);
			mainGroup = 3F634FC02F437E33003126D1;
			minimizedProjectReferenceProxies = 1;
			preferredProjectObjectVersion = 77;
			productRefGroup = 3F634FCA2F437E33003126D1 /* Products */;
			projectDirPath = "";
			projectRoot = "";
			targets = (
				3F634FC82F437E33003126D1 /* ThinkTank */,
				3F634FD72F437E34003126D1 /* ThinkTankTests */,
				3F634FE12F437E34003126D1 /* ThinkTankUITests */,
				3F660C6E2F46B1DE004E9D2F /* ThinkTankWidgetsExtension */,
			);
		};
/* End PBXProject section */

/* Begin PBXResourcesBuildPhase section */
		3F634FC72F437E33003126D1 /* Resources */ = {
			isa = PBXResourcesBuildPhase;
			buildActionMask = 2147483647;
			files = (
			);
			runOnlyForDeploymentPostprocessing = 0;
		};
		3F634FD62F437E34003126D1 /* Resources */ = {
			isa = PBXResourcesBuildPhase;
			buildActionMask = 2147483647;
			files = (
			);
			runOnlyForDeploymentPostprocessing = 0;
		};
		3F634FE02F437E34003126D1 /* Resources */ = {
			isa = PBXResourcesBuildPhase;
			buildActionMask = 2147483647;
			files = (
			);
			runOnlyForDeploymentPostprocessing = 0;
		};
		3F660C6D2F46B1DE004E9D2F /* Resources */ = {
			isa = PBXResourcesBuildPhase;
			buildActionMask = 2147483647;
			files = (
			);
			runOnlyForDeploymentPostprocessing = 0;
		};
/* End PBXResourcesBuildPhase section */

/* Begin PBXSourcesBuildPhase section */
		3F634FC52F437E33003126D1 /* Sources */ = {
			isa = PBXSourcesBuildPhase;
			buildActionMask = 2147483647;
			files = (
			);
			runOnlyForDeploymentPostprocessing = 0;
		};
		3F634FD42F437E34003126D1 /* Sources */ = {
			isa = PBXSourcesBuildPhase;
			buildActionMask = 2147483647;
			files = (
			);
			runOnlyForDeploymentPostprocessing = 0;
		};
		3F634FDE2F437E34003126D1 /* Sources */ = {
			isa = PBXSourcesBuildPhase;
			buildActionMask = 2147483647;
			files = (
			);
			runOnlyForDeploymentPostprocessing = 0;
		};
		3F660C6B2F46B1DE004E9D2F /* Sources */ = {
			isa = PBXSourcesBuildPhase;
			buildActionMask = 2147483647;
			files = (
			);
			runOnlyForDeploymentPostprocessing = 0;
		};
/* End PBXSourcesBuildPhase section */

/* Begin PBXTargetDependency section */
		3F634FDA2F437E34003126D1 /* PBXTargetDependency */ = {
			isa = PBXTargetDependency;
			target = 3F634FC82F437E33003126D1 /* ThinkTank */;
			targetProxy = 3F634FD92F437E34003126D1 /* PBXContainerItemProxy */;
		};
		3F634FE42F437E34003126D1 /* PBXTargetDependency */ = {
			isa = PBXTargetDependency;
			target = 3F634FC82F437E33003126D1 /* ThinkTank */;
			targetProxy = 3F634FE32F437E34003126D1 /* PBXContainerItemProxy */;
		};
		3F660C822F46B1DF004E9D2F /* PBXTargetDependency */ = {
			isa = PBXTargetDependency;
			target = 3F660C6E2F46B1DE004E9D2F /* ThinkTankWidgetsExtension */;
			targetProxy = 3F660C812F46B1DF004E9D2F /* PBXContainerItemProxy */;
		};
/* End PBXTargetDependency section */

/* Begin XCBuildConfiguration section */
		3F634FEA2F437E34003126D1 /* Debug */ = {
			isa = XCBuildConfiguration;
			buildSettings = {
				ALWAYS_SEARCH_USER_PATHS = NO;
				ASSETCATALOG_COMPILER_GENERATE_SWIFT_ASSET_SYMBOL_EXTENSIONS = YES;
				ASSETCATALOG_COMPILER_INCLUDE_ALL_APPICON_ASSETS = YES;
				CLANG_ANALYZER_NONNULL = YES;
				CLANG_ANALYZER_NUMBER_OBJECT_CONVERSION = YES_AGGRESSIVE;
				CLANG_CXX_LANGUAGE_STANDARD = "gnu++20";
				CLANG_ENABLE_MODULES = YES;
				CLANG_ENABLE_OBJC_ARC = YES;
				CLANG_ENABLE_OBJC_WEAK = YES;
				CLANG_WARN_BLOCK_CAPTURE_AUTORELEASING = YES;
				CLANG_WARN_BOOL_CONVERSION = YES;
				CLANG_WARN_COMMA = YES;
				CLANG_WARN_CONSTANT_CONVERSION = YES;
				CLANG_WARN_DEPRECATED_OBJC_IMPLEMENTATIONS = YES;
				CLANG_WARN_DIRECT_OBJC_ISA_USAGE = YES_ERROR;
				CLANG_WARN_DOCUMENTATION_COMMENTS = YES;
				CLANG_WARN_EMPTY_BODY = YES;
				CLANG_WARN_ENUM_CONVERSION = YES;
				CLANG_WARN_INFINITE_RECURSION = YES;
				CLANG_WARN_INT_CONVERSION = YES;
				CLANG_WARN_NON_LITERAL_NULL_CONVERSION = YES;
				CLANG_WARN_OBJC_IMPLICIT_RETAIN_SELF = YES;
				CLANG_WARN_OBJC_LITERAL_CONVERSION = YES;
				CLANG_WARN_OBJC_ROOT_CLASS = YES_ERROR;
				CLANG_WARN_QUOTED_INCLUDE_IN_FRAMEWORK_HEADER = YES;
				CLANG_WARN_RANGE_LOOP_ANALYSIS = YES;
				CLANG_WARN_STRICT_PROTOTYPES = YES;
				CLANG_WARN_SUSPICIOUS_MOVE = YES;
				CLANG_WARN_UNGUARDED_AVAILABILITY = YES_AGGRESSIVE;
				CLANG_WARN_UNREACHABLE_CODE = YES;
				CLANG_WARN__DUPLICATE_METHOD_MATCH = YES;
				COPY_PHASE_STRIP = NO;
				DEBUG_INFORMATION_FORMAT = dwarf;
				ENABLE_STRICT_OBJC_MSGSEND = YES;
				ENABLE_TESTABILITY = YES;
				ENABLE_USER_SCRIPT_SANDBOXING = YES;
				GCC_C_LANGUAGE_STANDARD = gnu17;
				GCC_DYNAMIC_NO_PIC = NO;
				GCC_NO_COMMON_BLOCKS = YES;
				GCC_OPTIMIZATION_LEVEL = 0;
				GCC_PREPROCESSOR_DEFINITIONS = (
					"DEBUG=1",
					"$(inherited)",
				);
				GCC_WARN_64_TO_32_BIT_CONVERSION = YES;
				GCC_WARN_ABOUT_RETURN_TYPE = YES_ERROR;
				GCC_WARN_UNDECLARED_SELECTOR = YES;
				GCC_WARN_UNINITIALIZED_AUTOS = YES_AGGRESSIVE;
				GCC_WARN_UNUSED_FUNCTION = YES;
				GCC_WARN_UNUSED_VARIABLE = YES;
				LOCALIZATION_PREFERS_STRING_CATALOGS = YES;
				MTL_ENABLE_DEBUG_INFO = INCLUDE_SOURCE;
				MTL_FAST_MATH = YES;
				ONLY_ACTIVE_ARCH = YES;
				SWIFT_ACTIVE_COMPILATION_CONDITIONS = "DEBUG $(inherited)";
				SWIFT_OPTIMIZATION_LEVEL = "-Onone";
			};
			name = Debug;
		};
		3F634FEB2F437E34003126D1 /* Release */ = {
			isa = XCBuildConfiguration;
			buildSettings = {
				ALWAYS_SEARCH_USER_PATHS = NO;
				ASSETCATALOG_COMPILER_GENERATE_SWIFT_ASSET_SYMBOL_EXTENSIONS = YES;
				ASSETCATALOG_COMPILER_INCLUDE_ALL_APPICON_ASSETS = YES;
				CLANG_ANALYZER_NONNULL = YES;
				CLANG_ANALYZER_NUMBER_OBJECT_CONVERSION = YES_AGGRESSIVE;
				CLANG_CXX_LANGUAGE_STANDARD = "gnu++20";
				CLANG_ENABLE_MODULES = YES;
				CLANG_ENABLE_OBJC_ARC = YES;
				CLANG_ENABLE_OBJC_WEAK = YES;
				CLANG_WARN_BLOCK_CAPTURE_AUTORELEASING = YES;
				CLANG_WARN_BOOL_CONVERSION = YES;
				CLANG_WARN_COMMA = YES;
				CLANG_WARN_CONSTANT_CONVERSION = YES;
				CLANG_WARN_DEPRECATED_OBJC_IMPLEMENTATIONS = YES;
				CLANG_WARN_DIRECT_OBJC_ISA_USAGE = YES_ERROR;
				CLANG_WARN_DOCUMENTATION_COMMENTS = YES;
				CLANG_WARN_EMPTY_BODY = YES;
				CLANG_WARN_ENUM_CONVERSION = YES;
				CLANG_WARN_INFINITE_RECURSION = YES;
				CLANG_WARN_INT_CONVERSION = YES;
				CLANG_WARN_NON_LITERAL_NULL_CONVERSION = YES;
				CLANG_WARN_OBJC_IMPLICIT_RETAIN_SELF = YES;
				CLANG_WARN_OBJC_LITERAL_CONVERSION = YES;
				CLANG_WARN_OBJC_ROOT_CLASS = YES_ERROR;
				CLANG_WARN_QUOTED_INCLUDE_IN_FRAMEWORK_HEADER = YES;
				CLANG_WARN_RANGE_LOOP_ANALYSIS = YES;
				CLANG_WARN_STRICT_PROTOTYPES = YES;
				CLANG_WARN_SUSPICIOUS_MOVE = YES;
				CLANG_WARN_UNGUARDED_AVAILABILITY = YES_AGGRESSIVE;
				CLANG_WARN_UNREACHABLE_CODE = YES;
				CLANG_WARN__DUPLICATE_METHOD_MATCH = YES;
				COPY_PHASE_STRIP = NO;
				DEBUG_INFORMATION_FORMAT = "dwarf-with-dsym";
				ENABLE_NS_ASSERTIONS = NO;
				ENABLE_STRICT_OBJC_MSGSEND = YES;
				ENABLE_USER_SCRIPT_SANDBOXING = YES;
				GCC_C_LANGUAGE_STANDARD = gnu17;
				GCC_NO_COMMON_BLOCKS = YES;
				GCC_WARN_64_TO_32_BIT_CONVERSION = YES;
				GCC_WARN_ABOUT_RETURN_TYPE = YES_ERROR;
				GCC_WARN_UNDECLARED_SELECTOR = YES;
				GCC_WARN_UNINITIALIZED_AUTOS = YES_AGGRESSIVE;
				GCC_WARN_UNUSED_FUNCTION = YES;
				GCC_WARN_UNUSED_VARIABLE = YES;
				LOCALIZATION_PREFERS_STRING_CATALOGS = YES;
				MTL_ENABLE_DEBUG_INFO = NO;
				MTL_FAST_MATH = YES;
				SWIFT_COMPILATION_MODE = wholemodule;
			};
			name = Release;
		};
		3F634FED2F437E34003126D1 /* Debug */ = {
			isa = XCBuildConfiguration;
			buildSettings = {
				ASSETCATALOG_COMPILER_APPICON_NAME = AppIcon;
				ASSETCATALOG_COMPILER_GLOBAL_ACCENT_COLOR_NAME = AccentColor;
				CODE_SIGN_ENTITLEMENTS = ThinkTank/ThinkTank.entitlements;
				CODE_SIGN_STYLE = Automatic;
				CURRENT_PROJECT_VERSION = 1;
				DEVELOPMENT_TEAM = T3FWE54S7Q;
				ENABLE_APP_SANDBOX = YES;
				ENABLE_PREVIEWS = YES;
				ENABLE_USER_SELECTED_FILES = readonly;
				GENERATE_INFOPLIST_FILE = YES;
				"INFOPLIST_KEY_UIApplicationSceneManifest_Generation[sdk=iphoneos*]" = YES;
				"INFOPLIST_KEY_UIApplicationSceneManifest_Generation[sdk=iphonesimulator*]" = YES;
				"INFOPLIST_KEY_UIApplicationSupportsIndirectInputEvents[sdk=iphoneos*]" = YES;
				"INFOPLIST_KEY_UIApplicationSupportsIndirectInputEvents[sdk=iphonesimulator*]" = YES;
				"INFOPLIST_KEY_UILaunchScreen_Generation[sdk=iphoneos*]" = YES;
				"INFOPLIST_KEY_UILaunchScreen_Generation[sdk=iphonesimulator*]" = YES;
				"INFOPLIST_KEY_UIStatusBarStyle[sdk=iphoneos*]" = UIStatusBarStyleDefault;
				"INFOPLIST_KEY_UIStatusBarStyle[sdk=iphonesimulator*]" = UIStatusBarStyleDefault;
				INFOPLIST_KEY_UISupportedInterfaceOrientations_iPad = "UIInterfaceOrientationPortrait UIInterfaceOrientationPortraitUpsideDown UIInterfaceOrientationLandscapeLeft UIInterfaceOrientationLandscapeRight";
				INFOPLIST_KEY_UISupportedInterfaceOrientations_iPhone = "UIInterfaceOrientationPortrait UIInterfaceOrientationLandscapeLeft UIInterfaceOrientationLandscapeRight";
				IPHONEOS_DEPLOYMENT_TARGET = 17.0;
				LD_RUNPATH_SEARCH_PATHS = "@executable_path/Frameworks";
				"LD_RUNPATH_SEARCH_PATHS[sdk=macosx*]" = "@executable_path/../Frameworks";
				MACOSX_DEPLOYMENT_TARGET = 26.0;
				MARKETING_VERSION = 1.0;
				PRODUCT_BUNDLE_IDENTIFIER = personal.ThinkTank;
				PRODUCT_NAME = "$(TARGET_NAME)";
				REGISTER_APP_GROUPS = YES;
				SDKROOT = auto;
				STRING_CATALOG_GENERATE_SYMBOLS = YES;
				SUPPORTED_PLATFORMS = "iphoneos iphonesimulator macosx xros xrsimulator";
				SWIFT_APPROACHABLE_CONCURRENCY = YES;
				SWIFT_DEFAULT_ACTOR_ISOLATION = MainActor;
				SWIFT_EMIT_LOC_STRINGS = YES;
				SWIFT_UPCOMING_FEATURE_MEMBER_IMPORT_VISIBILITY = YES;
				SWIFT_VERSION = 5.0;
				TARGETED_DEVICE_FAMILY = "1,2,7";
				XROS_DEPLOYMENT_TARGET = 26.2;
			};
			name = Debug;
		};
		3F634FEE2F437E34003126D1 /* Release */ = {
			isa = XCBuildConfiguration;
			buildSettings = {
				ASSETCATALOG_COMPILER_APPICON_NAME = AppIcon;
				ASSETCATALOG_COMPILER_GLOBAL_ACCENT_COLOR_NAME = AccentColor;
				CODE_SIGN_ENTITLEMENTS = ThinkTank/ThinkTank.entitlements;
				CODE_SIGN_STYLE = Automatic;
				CURRENT_PROJECT_VERSION = 1;
				DEVELOPMENT_TEAM = T3FWE54S7Q;
				ENABLE_APP_SANDBOX = YES;
				ENABLE_PREVIEWS = YES;
				ENABLE_USER_SELECTED_FILES = readonly;
				GENERATE_INFOPLIST_FILE = YES;
				"INFOPLIST_KEY_UIApplicationSceneManifest_Generation[sdk=iphoneos*]" = YES;
				"INFOPLIST_KEY_UIApplicationSceneManifest_Generation[sdk=iphonesimulator*]" = YES;
				"INFOPLIST_KEY_UIApplicationSupportsIndirectInputEvents[sdk=iphoneos*]" = YES;
				"INFOPLIST_KEY_UIApplicationSupportsIndirectInputEvents[sdk=iphonesimulator*]" = YES;
				"INFOPLIST_KEY_UILaunchScreen_Generation[sdk=iphoneos*]" = YES;
				"INFOPLIST_KEY_UILaunchScreen_Generation[sdk=iphonesimulator*]" = YES;
				"INFOPLIST_KEY_UIStatusBarStyle[sdk=iphoneos*]" = UIStatusBarStyleDefault;
				"INFOPLIST_KEY_UIStatusBarStyle[sdk=iphonesimulator*]" = UIStatusBarStyleDefault;
				INFOPLIST_KEY_UISupportedInterfaceOrientations_iPad = "UIInterfaceOrientationPortrait UIInterfaceOrientationPortraitUpsideDown UIInterfaceOrientationLandscapeLeft UIInterfaceOrientationLandscapeRight";
				INFOPLIST_KEY_UISupportedInterfaceOrientations_iPhone = "UIInterfaceOrientationPortrait UIInterfaceOrientationLandscapeLeft UIInterfaceOrientationLandscapeRight";
				IPHONEOS_DEPLOYMENT_TARGET = 17.0;
				LD_RUNPATH_SEARCH_PATHS = "@executable_path/Frameworks";
				"LD_RUNPATH_SEARCH_PATHS[sdk=macosx*]" = "@executable_path/../Frameworks";
				MACOSX_DEPLOYMENT_TARGET = 26.0;
				MARKETING_VERSION = 1.0;
				PRODUCT_BUNDLE_IDENTIFIER = personal.ThinkTank;
				PRODUCT_NAME = "$(TARGET_NAME)";
				REGISTER_APP_GROUPS = YES;
				SDKROOT = auto;
				STRING_CATALOG_GENERATE_SYMBOLS = YES;
				SUPPORTED_PLATFORMS = "iphoneos iphonesimulator macosx xros xrsimulator";
				SWIFT_APPROACHABLE_CONCURRENCY = YES;
				SWIFT_DEFAULT_ACTOR_ISOLATION = MainActor;
				SWIFT_EMIT_LOC_STRINGS = YES;
				SWIFT_UPCOMING_FEATURE_MEMBER_IMPORT_VISIBILITY = YES;
				SWIFT_VERSION = 5.0;
				TARGETED_DEVICE_FAMILY = "1,2,7";
				XROS_DEPLOYMENT_TARGET = 26.2;
			};
			name = Release;
		};
		3F634FF02F437E34003126D1 /* Debug */ = {
			isa = XCBuildConfiguration;
			buildSettings = {
				BUNDLE_LOADER = "$(TEST_HOST)";
				CODE_SIGN_STYLE = Automatic;
				CURRENT_PROJECT_VERSION = 1;
				GENERATE_INFOPLIST_FILE = YES;
				IPHONEOS_DEPLOYMENT_TARGET = 17.0;
				MACOSX_DEPLOYMENT_TARGET = 26.0;
				MARKETING_VERSION = 1.0;
				PRODUCT_BUNDLE_IDENTIFIER = personal.ThinkTankTests;
				PRODUCT_NAME = "$(TARGET_NAME)";
				SDKROOT = auto;
				STRING_CATALOG_GENERATE_SYMBOLS = NO;
				SUPPORTED_PLATFORMS = "iphoneos iphonesimulator macosx xros xrsimulator";
				SWIFT_APPROACHABLE_CONCURRENCY = YES;
				SWIFT_EMIT_LOC_STRINGS = NO;
				SWIFT_UPCOMING_FEATURE_MEMBER_IMPORT_VISIBILITY = YES;
				SWIFT_VERSION = 5.0;
				TARGETED_DEVICE_FAMILY = "1,2,7";
				TEST_HOST = "$(BUILT_PRODUCTS_DIR)/ThinkTank.app/$(BUNDLE_EXECUTABLE_FOLDER_PATH)/ThinkTank";
				XROS_DEPLOYMENT_TARGET = 26.2;
			};
			name = Debug;
		};
		3F634FF12F437E34003126D1 /* Release */ = {
			isa = XCBuildConfiguration;
			buildSettings = {
				BUNDLE_LOADER = "$(TEST_HOST)";
				CODE_SIGN_STYLE = Automatic;
				CURRENT_PROJECT_VERSION = 1;
				GENERATE_INFOPLIST_FILE = YES;
				IPHONEOS_DEPLOYMENT_TARGET = 17.0;
				MACOSX_DEPLOYMENT_TARGET = 26.0;
				MARKETING_VERSION = 1.0;
				PRODUCT_BUNDLE_IDENTIFIER = personal.ThinkTankTests;
				PRODUCT_NAME = "$(TARGET_NAME)";
				SDKROOT = auto;
				STRING_CATALOG_GENERATE_SYMBOLS = NO;
				SUPPORTED_PLATFORMS = "iphoneos iphonesimulator macosx xros xrsimulator";
				SWIFT_APPROACHABLE_CONCURRENCY = YES;
				SWIFT_EMIT_LOC_STRINGS = NO;
				SWIFT_UPCOMING_FEATURE_MEMBER_IMPORT_VISIBILITY = YES;
				SWIFT_VERSION = 5.0;
				TARGETED_DEVICE_FAMILY = "1,2,7";
				TEST_HOST = "$(BUILT_PRODUCTS_DIR)/ThinkTank.app/$(BUNDLE_EXECUTABLE_FOLDER_PATH)/ThinkTank";
				XROS_DEPLOYMENT_TARGET = 26.2;
			};
			name = Release;
		};
		3F634FF32F437E34003126D1 /* Debug */ = {
			isa = XCBuildConfiguration;
			buildSettings = {
				CODE_SIGN_STYLE = Automatic;
				CURRENT_PROJECT_VERSION = 1;
				GENERATE_INFOPLIST_FILE = YES;
				IPHONEOS_DEPLOYMENT_TARGET = 17.0;
				MACOSX_DEPLOYMENT_TARGET = 26.0;
				MARKETING_VERSION = 1.0;
				PRODUCT_BUNDLE_IDENTIFIER = personal.ThinkTankUITests;
				PRODUCT_NAME = "$(TARGET_NAME)";
				SDKROOT = auto;
				STRING_CATALOG_GENERATE_SYMBOLS = NO;
				SUPPORTED_PLATFORMS = "iphoneos iphonesimulator macosx xros xrsimulator";
				SWIFT_APPROACHABLE_CONCURRENCY = YES;
				SWIFT_EMIT_LOC_STRINGS = NO;
				SWIFT_UPCOMING_FEATURE_MEMBER_IMPORT_VISIBILITY = YES;
				SWIFT_VERSION = 5.0;
				TARGETED_DEVICE_FAMILY = "1,2,7";
				TEST_TARGET_NAME = ThinkTank;
				XROS_DEPLOYMENT_TARGET = 26.2;
			};
			name = Debug;
		};
		3F634FF42F437E34003126D1 /* Release */ = {
			isa = XCBuildConfiguration;
			buildSettings = {
				CODE_SIGN_STYLE = Automatic;
				CURRENT_PROJECT_VERSION = 1;
				GENERATE_INFOPLIST_FILE = YES;
				IPHONEOS_DEPLOYMENT_TARGET = 17.0;
				MACOSX_DEPLOYMENT_TARGET = 26.0;
				MARKETING_VERSION = 1.0;
				PRODUCT_BUNDLE_IDENTIFIER = personal.ThinkTankUITests;
				PRODUCT_NAME = "$(TARGET_NAME)";
				SDKROOT = auto;
				STRING_CATALOG_GENERATE_SYMBOLS = NO;
				SUPPORTED_PLATFORMS = "iphoneos iphonesimulator macosx xros xrsimulator";
				SWIFT_APPROACHABLE_CONCURRENCY = YES;
				SWIFT_EMIT_LOC_STRINGS = NO;
				SWIFT_UPCOMING_FEATURE_MEMBER_IMPORT_VISIBILITY = YES;
				SWIFT_VERSION = 5.0;
				TARGETED_DEVICE_FAMILY = "1,2,7";
				TEST_TARGET_NAME = ThinkTank;
				XROS_DEPLOYMENT_TARGET = 26.2;
			};
			name = Release;
		};
		3F660C862F46B1DF004E9D2F /* Debug */ = {
			isa = XCBuildConfiguration;
			buildSettings = {
				ASSETCATALOG_COMPILER_GLOBAL_ACCENT_COLOR_NAME = AccentColor;
				ASSETCATALOG_COMPILER_WIDGET_BACKGROUND_COLOR_NAME = WidgetBackground;
				CODE_SIGN_ENTITLEMENTS = ThinkTankWidgetsExtension.entitlements;
				CODE_SIGN_STYLE = Automatic;
				CURRENT_PROJECT_VERSION = 1;
				DEVELOPMENT_TEAM = T3FWE54S7Q;
				GENERATE_INFOPLIST_FILE = YES;
				INFOPLIST_FILE = ThinkTankWidgets/Info.plist;
				INFOPLIST_KEY_CFBundleDisplayName = ThinkTankWidgets;
				INFOPLIST_KEY_NSHumanReadableCopyright = "";
				IPHONEOS_DEPLOYMENT_TARGET = 26.2;
				LD_RUNPATH_SEARCH_PATHS = (
					"$(inherited)",
					"@executable_path/Frameworks",
					"@executable_path/../../Frameworks",
				);
				MARKETING_VERSION = 1.0;
				PRODUCT_BUNDLE_IDENTIFIER = personal.ThinkTank.ThinkTankWidgets;
				PRODUCT_NAME = "$(TARGET_NAME)";
				SDKROOT = iphoneos;
				SKIP_INSTALL = YES;
				STRING_CATALOG_GENERATE_SYMBOLS = YES;
				SWIFT_APPROACHABLE_CONCURRENCY = YES;
				SWIFT_EMIT_LOC_STRINGS = YES;
				SWIFT_UPCOMING_FEATURE_MEMBER_IMPORT_VISIBILITY = YES;
				SWIFT_VERSION = 5.0;
				TARGETED_DEVICE_FAMILY = "1,2";
			};
			name = Debug;
		};
		3F660C872F46B1DF004E9D2F /* Release */ = {
			isa = XCBuildConfiguration;
			buildSettings = {
				ASSETCATALOG_COMPILER_GLOBAL_ACCENT_COLOR_NAME = AccentColor;
				ASSETCATALOG_COMPILER_WIDGET_BACKGROUND_COLOR_NAME = WidgetBackground;
				CODE_SIGN_ENTITLEMENTS = ThinkTankWidgetsExtension.entitlements;
				CODE_SIGN_STYLE = Automatic;
				CURRENT_PROJECT_VERSION = 1;
				DEVELOPMENT_TEAM = T3FWE54S7Q;
				GENERATE_INFOPLIST_FILE = YES;
				INFOPLIST_FILE = ThinkTankWidgets/Info.plist;
				INFOPLIST_KEY_CFBundleDisplayName = ThinkTankWidgets;
				INFOPLIST_KEY_NSHumanReadableCopyright = "";
				IPHONEOS_DEPLOYMENT_TARGET = 26.2;
				LD_RUNPATH_SEARCH_PATHS = (
					"$(inherited)",
					"@executable_path/Frameworks",
					"@executable_path/../../Frameworks",
				);
				MARKETING_VERSION = 1.0;
				PRODUCT_BUNDLE_IDENTIFIER = personal.ThinkTank.ThinkTankWidgets;
				PRODUCT_NAME = "$(TARGET_NAME)";
				SDKROOT = iphoneos;
				SKIP_INSTALL = YES;
				STRING_CATALOG_GENERATE_SYMBOLS = YES;
				SWIFT_APPROACHABLE_CONCURRENCY = YES;
				SWIFT_EMIT_LOC_STRINGS = YES;
				SWIFT_UPCOMING_FEATURE_MEMBER_IMPORT_VISIBILITY = YES;
				SWIFT_VERSION = 5.0;
				TARGETED_DEVICE_FAMILY = "1,2";
				VALIDATE_PRODUCT = YES;
			};
			name = Release;
		};
/* End XCBuildConfiguration section */

/* Begin XCConfigurationList section */
		3F634FC42F437E33003126D1 /* Build configuration list for PBXProject "ThinkTank" */ = {
			isa = XCConfigurationList;
			buildConfigurations = (
				3F634FEA2F437E34003126D1 /* Debug */,
				3F634FEB2F437E34003126D1 /* Release */,
			);
			defaultConfigurationIsVisible = 0;
			defaultConfigurationName = Release;
		};
		3F634FEC2F437E34003126D1 /* Build configuration list for PBXNativeTarget "ThinkTank" */ = {
			isa = XCConfigurationList;
			buildConfigurations = (
				3F634FED2F437E34003126D1 /* Debug */,
				3F634FEE2F437E34003126D1 /* Release */,
			);
			defaultConfigurationIsVisible = 0;
			defaultConfigurationName = Release;
		};
		3F634FEF2F437E34003126D1 /* Build configuration list for PBXNativeTarget "ThinkTankTests" */ = {
			isa = XCConfigurationList;
			buildConfigurations = (
				3F634FF02F437E34003126D1 /* Debug */,
				3F634FF12F437E34003126D1 /* Release */,
			);
			defaultConfigurationIsVisible = 0;
			defaultConfigurationName = Release;
		};
		3F634FF22F437E34003126D1 /* Build configuration list for PBXNativeTarget "ThinkTankUITests" */ = {
			isa = XCConfigurationList;
			buildConfigurations = (
				3F634FF32F437E34003126D1 /* Debug */,
				3F634FF42F437E34003126D1 /* Release */,
			);
			defaultConfigurationIsVisible = 0;
			defaultConfigurationName = Release;
		};
		3F660C852F46B1DF004E9D2F /* Build configuration list for PBXNativeTarget "ThinkTankWidgetsExtension" */ = {
			isa = XCConfigurationList;
			buildConfigurations = (
				3F660C862F46B1DF004E9D2F /* Debug */,
				3F660C872F46B1DF004E9D2F /* Release */,
			);
			defaultConfigurationIsVisible = 0;
			defaultConfigurationName = Release;
		};
/* End XCConfigurationList section */
	};
	rootObject = 3F634FC12F437E33003126D1 /* Project object */;
}
